
Microsoft Visual Studio Solution File, Format Version 12.00
# Visual Studio Version 16
VisualStudioVersion = 16.0.29025.244
MinimumVisualStudioVersion = 10.0.40219.1
Project("{FAE04EC0-301F-11D3-BF4B-00C04F79EFBC}") = "Creating_A_Farm", "Creating_A_Farm.csproj", "{69A06402-7F74-4262-8008-88FA1CFBD901}"
EndProject
Project("{2150E333-8FDC-42A3-9474-1A3956D46DE8}") = "Solution Items", "Solution Items", "{848E5105-8746-42EF-B366-662A0B4C8F0D}"
	ProjectSection(SolutionItems) = preProject
		Class1.cs = Class1.cs
	EndProjectSection
EndProject
Global
	GlobalSection(SolutionConfigurationPlatforms) = preSolution
		Debug|Any CPU = Debug|Any CPU
		Release|Any CPU = Release|Any CPU
	EndGlobalSection
	GlobalSection(ProjectConfigurationPlatforms) = postSolution
		{69A06402-7F74-4262-8008-88FA1CFBD901}.Debug|Any CPU.ActiveCfg = Debug|Any CPU
		{69A06402-7F74-4262-8008-88FA1CFBD901}.Debug|Any CPU.Build.0 = Debug|Any CPU
		{69A06402-7F74-4262-8008-88FA1CFBD901}.Release|Any CPU.ActiveCfg = Release|Any CPU
		{69A06402-7F74-4262-8008-88FA1CFBD901}.Release|Any CPU.Build.0 = Release|Any CPU
	EndGlobalSection
	GlobalSection(SolutionProperties) = preSolution
		HideSolutionNode = FALSE
	EndGlobalSection
	GlobalSection(ExtensibilityGlobals) = postSolution
		SolutionGuid = {98E037D4-5BB3-4A68-9ABD-11621B6CECB8}
	EndGlobalSection
EndGlobal
